
Microsoft Visual Studio Solution File, Format Version 12.00
# Visual Studio Version 17
VisualStudioVersion = 17.11.35222.181
MinimumVisualStudioVersion = 10.0.40219.1
Project("{9A19103F-16F7-4668-BE54-9A1E7A4F7556}") = "IntroductionToProgramming", "IntroductionToProgramming\IntroductionToProgramming.csproj", "{016D3186-4A16-4737-9F85-BE350F8942B9}"
EndProject
Project("{FAE04EC0-301F-11D3-BF4B-00C04F79EFBC}") = "OOPBasics", "OOPBasics\OOPBasics.csproj", "{4E072DAB-BE97-43EB-BE09-7937B33AAF6E}"
EndProject
Global
	GlobalSection(SolutionConfigurationPlatforms) = preSolution
		Debug|Any CPU = Debug|Any CPU
		Release|Any CPU = Release|Any CPU
	EndGlobalSection
	GlobalSection(ProjectConfigurationPlatforms) = postSolution
		{016D3186-4A16-4737-9F85-BE350F8942B9}.Debug|Any CPU.ActiveCfg = Debug|Any CPU
		{016D3186-4A16-4737-9F85-BE350F8942B9}.Debug|Any CPU.Build.0 = Debug|Any CPU
		{016D3186-4A16-4737-9F85-BE350F8942B9}.Release|Any CPU.ActiveCfg = Release|Any CPU
		{016D3186-4A16-4737-9F85-BE350F8942B9}.Release|Any CPU.Build.0 = Release|Any CPU
		{4E072DAB-BE97-43EB-BE09-7937B33AAF6E}.Debug|Any CPU.ActiveCfg = Debug|Any CPU
		{4E072DAB-BE97-43EB-BE09-7937B33AAF6E}.Debug|Any CPU.Build.0 = Debug|Any CPU
		{4E072DAB-BE97-43EB-BE09-7937B33AAF6E}.Release|Any CPU.ActiveCfg = Release|Any CPU
		{4E072DAB-BE97-43EB-BE09-7937B33AAF6E}.Release|Any CPU.Build.0 = Release|Any CPU
	EndGlobalSection
	GlobalSection(SolutionProperties) = preSolution
		HideSolutionNode = FALSE
	EndGlobalSection
	GlobalSection(ExtensibilityGlobals) = postSolution
		SolutionGuid = {5DEFDE1C-626F-44C0-89EE-470544FA7141}
	EndGlobalSection
EndGlobal
